// !$*UTF8*$!
{
	archiveVersion = 1;
	classes = {
	};
	objectVersion = 50;
	objects = {

/* Begin PBXBuildFile section */
		19A3974B00D543E34EA56D88 /* Pods_Audiobook.framework in Frameworks */ = {isa = PBXBuildFile; fileRef = BA24EB28DF27B908B9F5910A /* Pods_Audiobook.framework */; };
		605583E134E9630E05F4DF2D /* Pods_AudiobookTests.framework in Frameworks */ = {isa = PBXBuildFile; fileRef = 55954B99852D28940A888C0D /* Pods_AudiobookTests.framework */; };
		A65F627D21A58E1A00F79957 /* AppDelegate.swift in Sources */ = {isa = PBXBuildFile; fileRef = A65F627C21A58E1A00F79957 /* AppDelegate.swift */; };
		A65F627F21A58E1A00F79957 /* ViewController.swift in Sources */ = {isa = PBXBuildFile; fileRef = A65F627E21A58E1A00F79957 /* ViewController.swift */; };
		A65F628221A58E1A00F79957 /* Main.storyboard in Resources */ = {isa = PBXBuildFile; fileRef = A65F628021A58E1A00F79957 /* Main.storyboard */; };
		A65F628421A58E1B00F79957 /* Assets.xcassets in Resources */ = {isa = PBXBuildFile; fileRef = A65F628321A58E1B00F79957 /* Assets.xcassets */; };
		A65F628721A58E1B00F79957 /* LaunchScreen.storyboard in Resources */ = {isa = PBXBuildFile; fileRef = A65F628521A58E1B00F79957 /* LaunchScreen.storyboard */; };
		A65F62AF21A5903000F79957 /* README.md in Resources */ = {isa = PBXBuildFile; fileRef = A65F62AE21A5903000F79957 /* README.md */; };
		A65F62B121A5908B00F79957 /* UIViewControllerExtensions.swift in Sources */ = {isa = PBXBuildFile; fileRef = A65F62B021A5908B00F79957 /* UIViewControllerExtensions.swift */; };
		A65F62B321A5924600F79957 /* UIViewControllerTests.swift in Sources */ = {isa = PBXBuildFile; fileRef = A65F62B221A5924600F79957 /* UIViewControllerTests.swift */; };
		A65F62BA21A5944B00F79957 /* ThirdPartiesConfigurator.swift in Sources */ = {isa = PBXBuildFile; fileRef = A65F62B621A5944B00F79957 /* ThirdPartiesConfigurator.swift */; };
		A65F62BB21A5944B00F79957 /* ConfiguratorProtocol.swift in Sources */ = {isa = PBXBuildFile; fileRef = A65F62B721A5944B00F79957 /* ConfiguratorProtocol.swift */; };
		A65F62BC21A5944B00F79957 /* ApplicationConfigurator.swift in Sources */ = {isa = PBXBuildFile; fileRef = A65F62B821A5944B00F79957 /* ApplicationConfigurator.swift */; };
		A65F62BD21A5944B00F79957 /* AppearanceConfigurator.swift in Sources */ = {isa = PBXBuildFile; fileRef = A65F62B921A5944B00F79957 /* AppearanceConfigurator.swift */; };
		A676B08021ABD70500E9DF22 /* SharedMediaViewController.swift in Sources */ = {isa = PBXBuildFile; fileRef = A676B07F21ABD70500E9DF22 /* SharedMediaViewController.swift */; };
		A676B08221ABD71500E9DF22 /* SharedMediaAssembly.swift in Sources */ = {isa = PBXBuildFile; fileRef = A676B08121ABD71500E9DF22 /* SharedMediaAssembly.swift */; };
		A676B08521ABD75300E9DF22 /* SharedMediaView.swift in Sources */ = {isa = PBXBuildFile; fileRef = A676B08421ABD75300E9DF22 /* SharedMediaView.swift */; };
		A676B08821ABD9A600E9DF22 /* SharedMediaGalleryCell.swift in Sources */ = {isa = PBXBuildFile; fileRef = A676B08721ABD9A600E9DF22 /* SharedMediaGalleryCell.swift */; };
		A676B08A21ABD9C700E9DF22 /* UICollectionViewExtensions.swift in Sources */ = {isa = PBXBuildFile; fileRef = A676B08921ABD9C700E9DF22 /* UICollectionViewExtensions.swift */; };
		A676B08C21ABF1E300E9DF22 /* SharedMediaDataFlow.swift in Sources */ = {isa = PBXBuildFile; fileRef = A676B08B21ABF1E300E9DF22 /* SharedMediaDataFlow.swift */; };
		A676B09121ABF35C00E9DF22 /* SharedMediaInteractor.swift in Sources */ = {isa = PBXBuildFile; fileRef = A676B08D21ABF1F900E9DF22 /* SharedMediaInteractor.swift */; };
		A676B09221ABF36A00E9DF22 /* SharedMediaPresenter.swift in Sources */ = {isa = PBXBuildFile; fileRef = A676B08F21ABF20400E9DF22 /* SharedMediaPresenter.swift */; };
		A676B0A521ABFE8A00E9DF22 /* SharedMediaGallerySectionHeader.swift in Sources */ = {isa = PBXBuildFile; fileRef = A676B0A421ABFE8A00E9DF22 /* SharedMediaGallerySectionHeader.swift */; };
		A68C143221A5A3EA000974E9 /* Settings.bundle in Resources */ = {isa = PBXBuildFile; fileRef = A68C143121A5A3EA000974E9 /* Settings.bundle */; };
		A68C143421A5A455000974E9 /* SettingsBundleHelper.swift in Sources */ = {isa = PBXBuildFile; fileRef = A68C143321A5A455000974E9 /* SettingsBundleHelper.swift */; };
		A68C143621A5A482000974E9 /* BundleExtenstions.swift in Sources */ = {isa = PBXBuildFile; fileRef = A68C143521A5A482000974E9 /* BundleExtenstions.swift */; };
		A68C143821A5A4D4000974E9 /* BundleExtensionsTests.swift in Sources */ = {isa = PBXBuildFile; fileRef = A68C143721A5A4D4000974E9 /* BundleExtensionsTests.swift */; };
		A68C143D21A5B85B000974E9 /* SettingsView.swift in Sources */ = {isa = PBXBuildFile; fileRef = A68C143C21A5B85B000974E9 /* SettingsView.swift */; };
		A68C144121A5B875000974E9 /* SettingsInteractor.swift in Sources */ = {isa = PBXBuildFile; fileRef = A68C144021A5B875000974E9 /* SettingsInteractor.swift */; };
		A68C144321A5B87D000974E9 /* SettingsPresenter.swift in Sources */ = {isa = PBXBuildFile; fileRef = A68C144221A5B87D000974E9 /* SettingsPresenter.swift */; };
		A68C144521A5B886000974E9 /* SettingsDataFlow.swift in Sources */ = {isa = PBXBuildFile; fileRef = A68C144421A5B886000974E9 /* SettingsDataFlow.swift */; };
		A68C144721A5B894000974E9 /* SettingsAssembly.swift in Sources */ = {isa = PBXBuildFile; fileRef = A68C144621A5B894000974E9 /* SettingsAssembly.swift */; };
		A68C144A21A5B8A9000974E9 /* Assembly.swift in Sources */ = {isa = PBXBuildFile; fileRef = A68C144921A5B8A9000974E9 /* Assembly.swift */; };
		A68C144C21A5B911000974E9 /* SettingsViewController.swift in Sources */ = {isa = PBXBuildFile; fileRef = A68C144B21A5B911000974E9 /* SettingsViewController.swift */; };
		A68C145321A5C3C7000974E9 /* UITableViewCellExtensions.swift in Sources */ = {isa = PBXBuildFile; fileRef = A68C145221A5C3C7000974E9 /* UITableViewCellExtensions.swift */; };
		A68C145521A5C3E5000974E9 /* UITableViewCellExtensionsTests.swift in Sources */ = {isa = PBXBuildFile; fileRef = A68C145421A5C3E5000974E9 /* UITableViewCellExtensionsTests.swift */; };
		A68C145721A5C41A000974E9 /* UITableViewExtensions.swift in Sources */ = {isa = PBXBuildFile; fileRef = A68C145621A5C41A000974E9 /* UITableViewExtensions.swift */; };
		A68C145921A5C438000974E9 /* UITableViewExtensionsTests.swift in Sources */ = {isa = PBXBuildFile; fileRef = A68C145821A5C438000974E9 /* UITableViewExtensionsTests.swift */; };
		A6D870FE21A7B466009E5DD6 /* BasicTableCell.swift in Sources */ = {isa = PBXBuildFile; fileRef = A6D870FD21A7B466009E5DD6 /* BasicTableCell.swift */; };
		A6D8710121A7B725009E5DD6 /* BaseRowViewModel.swift in Sources */ = {isa = PBXBuildFile; fileRef = A6D8710021A7B725009E5DD6 /* BaseRowViewModel.swift */; };
		A6D8710321A7B7E8009E5DD6 /* DisclosureTableCell.swift in Sources */ = {isa = PBXBuildFile; fileRef = A6D8710221A7B7E8009E5DD6 /* DisclosureTableCell.swift */; };
		A6EEB8B421A83D9A00D60B76 /* TempViewController.swift in Sources */ = {isa = PBXBuildFile; fileRef = A6EEB8B321A83D9A00D60B76 /* TempViewController.swift */; };
		A6EEB8B621A8524100D60B76 /* SettingsSectionHeaderView.swift in Sources */ = {isa = PBXBuildFile; fileRef = A6EEB8B521A8524100D60B76 /* SettingsSectionHeaderView.swift */; };
		A6EEB8C121A852AD00D60B76 /* Proxy.h in Headers */ = {isa = PBXBuildFile; fileRef = A6EEB8BF21A852AD00D60B76 /* Proxy.h */; settings = {ATTRIBUTES = (Public, ); }; };
		A6EEB8C421A852AD00D60B76 /* Proxy.framework in Frameworks */ = {isa = PBXBuildFile; fileRef = A6EEB8BD21A852AD00D60B76 /* Proxy.framework */; };
		A6EEB8C521A852AD00D60B76 /* Proxy.framework in Embed Frameworks */ = {isa = PBXBuildFile; fileRef = A6EEB8BD21A852AD00D60B76 /* Proxy.framework */; settings = {ATTRIBUTES = (CodeSignOnCopy, RemoveHeadersOnCopy, ); }; };
/* End PBXBuildFile section */

/* Begin PBXContainerItemProxy section */
		A65F628E21A58E1C00F79957 /* PBXContainerItemProxy */ = {
			isa = PBXContainerItemProxy;
			containerPortal = A65F627121A58E1A00F79957 /* Project object */;
			proxyType = 1;
			remoteGlobalIDString = A65F627821A58E1A00F79957;
			remoteInfo = Audiobook;
		};
		A6EEB8C221A852AD00D60B76 /* PBXContainerItemProxy */ = {
			isa = PBXContainerItemProxy;
			containerPortal = A65F627121A58E1A00F79957 /* Project object */;
			proxyType = 1;
			remoteGlobalIDString = A6EEB8BC21A852AD00D60B76;
			remoteInfo = Proxy;
		};
/* End PBXContainerItemProxy section */

/* Begin PBXCopyFilesBuildPhase section */
		A6EEB8C921A852AD00D60B76 /* Embed Frameworks */ = {
			isa = PBXCopyFilesBuildPhase;
			buildActionMask = 2147483647;
			dstPath = "";
			dstSubfolderSpec = 10;
			files = (
				A6EEB8C521A852AD00D60B76 /* Proxy.framework in Embed Frameworks */,
			);
			name = "Embed Frameworks";
			runOnlyForDeploymentPostprocessing = 0;
		};
/* End PBXCopyFilesBuildPhase section */

/* Begin PBXFileReference section */
		040CE5060A5673D13B8413D2 /* Pods_AudiobookUITests.framework */ = {isa = PBXFileReference; explicitFileType = wrapper.framework; includeInIndex = 0; path = Pods_AudiobookUITests.framework; sourceTree = BUILT_PRODUCTS_DIR; };
		2FA7F68D05AEEC7C3606B4E2 /* Pods-Audiobook.release.xcconfig */ = {isa = PBXFileReference; includeInIndex = 1; lastKnownFileType = text.xcconfig; name = "Pods-Audiobook.release.xcconfig"; path = "Pods/Target Support Files/Pods-Audiobook/Pods-Audiobook.release.xcconfig"; sourceTree = "<group>"; };
		383E492BEF807D2B88C27D67 /* Pods-AudiobookUITests.release.xcconfig */ = {isa = PBXFileReference; includeInIndex = 1; lastKnownFileType = text.xcconfig; name = "Pods-AudiobookUITests.release.xcconfig"; path = "Pods/Target Support Files/Pods-AudiobookUITests/Pods-AudiobookUITests.release.xcconfig"; sourceTree = "<group>"; };
		55954B99852D28940A888C0D /* Pods_AudiobookTests.framework */ = {isa = PBXFileReference; explicitFileType = wrapper.framework; includeInIndex = 0; path = Pods_AudiobookTests.framework; sourceTree = BUILT_PRODUCTS_DIR; };
		7169B25657A041E95A565DF4 /* Pods-AudiobookUITests.debug.xcconfig */ = {isa = PBXFileReference; includeInIndex = 1; lastKnownFileType = text.xcconfig; name = "Pods-AudiobookUITests.debug.xcconfig"; path = "Pods/Target Support Files/Pods-AudiobookUITests/Pods-AudiobookUITests.debug.xcconfig"; sourceTree = "<group>"; };
		A5FCF8D66EC8DE4DD39C357B /* Pods-AudiobookTests.debug.xcconfig */ = {isa = PBXFileReference; includeInIndex = 1; lastKnownFileType = text.xcconfig; name = "Pods-AudiobookTests.debug.xcconfig"; path = "Pods/Target Support Files/Pods-AudiobookTests/Pods-AudiobookTests.debug.xcconfig"; sourceTree = "<group>"; };
		A65F627921A58E1A00F79957 /* Audiobook.app */ = {isa = PBXFileReference; explicitFileType = wrapper.application; includeInIndex = 0; path = Audiobook.app; sourceTree = BUILT_PRODUCTS_DIR; };
		A65F627C21A58E1A00F79957 /* AppDelegate.swift */ = {isa = PBXFileReference; lastKnownFileType = sourcecode.swift; path = AppDelegate.swift; sourceTree = "<group>"; };
		A65F627E21A58E1A00F79957 /* ViewController.swift */ = {isa = PBXFileReference; lastKnownFileType = sourcecode.swift; path = ViewController.swift; sourceTree = "<group>"; };
		A65F628121A58E1A00F79957 /* Base */ = {isa = PBXFileReference; lastKnownFileType = file.storyboard; name = Base; path = Base.lproj/Main.storyboard; sourceTree = "<group>"; };
		A65F628321A58E1B00F79957 /* Assets.xcassets */ = {isa = PBXFileReference; lastKnownFileType = folder.assetcatalog; path = Assets.xcassets; sourceTree = "<group>"; };
		A65F628621A58E1B00F79957 /* Base */ = {isa = PBXFileReference; lastKnownFileType = file.storyboard; name = Base; path = Base.lproj/LaunchScreen.storyboard; sourceTree = "<group>"; };
		A65F628821A58E1B00F79957 /* Info.plist */ = {isa = PBXFileReference; lastKnownFileType = text.plist.xml; path = Info.plist; sourceTree = "<group>"; };
		A65F628D21A58E1C00F79957 /* AudiobookTests.xctest */ = {isa = PBXFileReference; explicitFileType = wrapper.cfbundle; includeInIndex = 0; path = AudiobookTests.xctest; sourceTree = BUILT_PRODUCTS_DIR; };
		A65F629321A58E1C00F79957 /* Info.plist */ = {isa = PBXFileReference; lastKnownFileType = text.plist.xml; path = Info.plist; sourceTree = "<group>"; };
		A65F62AE21A5903000F79957 /* README.md */ = {isa = PBXFileReference; fileEncoding = 4; lastKnownFileType = net.daringfireball.markdown; path = README.md; sourceTree = "<group>"; };
		A65F62B021A5908B00F79957 /* UIViewControllerExtensions.swift */ = {isa = PBXFileReference; fileEncoding = 4; lastKnownFileType = sourcecode.swift; path = UIViewControllerExtensions.swift; sourceTree = "<group>"; };
		A65F62B221A5924600F79957 /* UIViewControllerTests.swift */ = {isa = PBXFileReference; lastKnownFileType = sourcecode.swift; path = UIViewControllerTests.swift; sourceTree = "<group>"; };
		A65F62B621A5944B00F79957 /* ThirdPartiesConfigurator.swift */ = {isa = PBXFileReference; fileEncoding = 4; lastKnownFileType = sourcecode.swift; path = ThirdPartiesConfigurator.swift; sourceTree = "<group>"; };
		A65F62B721A5944B00F79957 /* ConfiguratorProtocol.swift */ = {isa = PBXFileReference; fileEncoding = 4; lastKnownFileType = sourcecode.swift; path = ConfiguratorProtocol.swift; sourceTree = "<group>"; };
		A65F62B821A5944B00F79957 /* ApplicationConfigurator.swift */ = {isa = PBXFileReference; fileEncoding = 4; lastKnownFileType = sourcecode.swift; path = ApplicationConfigurator.swift; sourceTree = "<group>"; };
		A65F62B921A5944B00F79957 /* AppearanceConfigurator.swift */ = {isa = PBXFileReference; fileEncoding = 4; lastKnownFileType = sourcecode.swift; path = AppearanceConfigurator.swift; sourceTree = "<group>"; };
		A676B07F21ABD70500E9DF22 /* SharedMediaViewController.swift */ = {isa = PBXFileReference; lastKnownFileType = sourcecode.swift; path = SharedMediaViewController.swift; sourceTree = "<group>"; };
		A676B08121ABD71500E9DF22 /* SharedMediaAssembly.swift */ = {isa = PBXFileReference; lastKnownFileType = sourcecode.swift; path = SharedMediaAssembly.swift; sourceTree = "<group>"; };
		A676B08421ABD75300E9DF22 /* SharedMediaView.swift */ = {isa = PBXFileReference; lastKnownFileType = sourcecode.swift; path = SharedMediaView.swift; sourceTree = "<group>"; };
		A676B08721ABD9A600E9DF22 /* SharedMediaGalleryCell.swift */ = {isa = PBXFileReference; lastKnownFileType = sourcecode.swift; path = SharedMediaGalleryCell.swift; sourceTree = "<group>"; };
		A676B08921ABD9C700E9DF22 /* UICollectionViewExtensions.swift */ = {isa = PBXFileReference; lastKnownFileType = sourcecode.swift; path = UICollectionViewExtensions.swift; sourceTree = "<group>"; };
		A676B08B21ABF1E300E9DF22 /* SharedMediaDataFlow.swift */ = {isa = PBXFileReference; lastKnownFileType = sourcecode.swift; path = SharedMediaDataFlow.swift; sourceTree = "<group>"; };
		A676B08D21ABF1F900E9DF22 /* SharedMediaInteractor.swift */ = {isa = PBXFileReference; lastKnownFileType = sourcecode.swift; path = SharedMediaInteractor.swift; sourceTree = "<group>"; };
		A676B08F21ABF20400E9DF22 /* SharedMediaPresenter.swift */ = {isa = PBXFileReference; lastKnownFileType = sourcecode.swift; path = SharedMediaPresenter.swift; sourceTree = "<group>"; };
		A676B0A421ABFE8A00E9DF22 /* SharedMediaGallerySectionHeader.swift */ = {isa = PBXFileReference; lastKnownFileType = sourcecode.swift; path = SharedMediaGallerySectionHeader.swift; sourceTree = "<group>"; };
		A68C143121A5A3EA000974E9 /* Settings.bundle */ = {isa = PBXFileReference; lastKnownFileType = "wrapper.plug-in"; path = Settings.bundle; sourceTree = "<group>"; };
		A68C143321A5A455000974E9 /* SettingsBundleHelper.swift */ = {isa = PBXFileReference; lastKnownFileType = sourcecode.swift; path = SettingsBundleHelper.swift; sourceTree = "<group>"; };
		A68C143521A5A482000974E9 /* BundleExtenstions.swift */ = {isa = PBXFileReference; lastKnownFileType = sourcecode.swift; path = BundleExtenstions.swift; sourceTree = "<group>"; };
		A68C143721A5A4D4000974E9 /* BundleExtensionsTests.swift */ = {isa = PBXFileReference; lastKnownFileType = sourcecode.swift; path = BundleExtensionsTests.swift; sourceTree = "<group>"; };
		A68C143C21A5B85B000974E9 /* SettingsView.swift */ = {isa = PBXFileReference; lastKnownFileType = sourcecode.swift; path = SettingsView.swift; sourceTree = "<group>"; };
		A68C144021A5B875000974E9 /* SettingsInteractor.swift */ = {isa = PBXFileReference; lastKnownFileType = sourcecode.swift; path = SettingsInteractor.swift; sourceTree = "<group>"; };
		A68C144221A5B87D000974E9 /* SettingsPresenter.swift */ = {isa = PBXFileReference; lastKnownFileType = sourcecode.swift; path = SettingsPresenter.swift; sourceTree = "<group>"; };
		A68C144421A5B886000974E9 /* SettingsDataFlow.swift */ = {isa = PBXFileReference; lastKnownFileType = sourcecode.swift; path = SettingsDataFlow.swift; sourceTree = "<group>"; };
		A68C144621A5B894000974E9 /* SettingsAssembly.swift */ = {isa = PBXFileReference; lastKnownFileType = sourcecode.swift; path = SettingsAssembly.swift; sourceTree = "<group>"; };
		A68C144921A5B8A9000974E9 /* Assembly.swift */ = {isa = PBXFileReference; lastKnownFileType = sourcecode.swift; path = Assembly.swift; sourceTree = "<group>"; };
		A68C144B21A5B911000974E9 /* SettingsViewController.swift */ = {isa = PBXFileReference; lastKnownFileType = sourcecode.swift; path = SettingsViewController.swift; sourceTree = "<group>"; };
		A68C145221A5C3C7000974E9 /* UITableViewCellExtensions.swift */ = {isa = PBXFileReference; lastKnownFileType = sourcecode.swift; path = UITableViewCellExtensions.swift; sourceTree = "<group>"; };
		A68C145421A5C3E5000974E9 /* UITableViewCellExtensionsTests.swift */ = {isa = PBXFileReference; lastKnownFileType = sourcecode.swift; path = UITableViewCellExtensionsTests.swift; sourceTree = "<group>"; };
		A68C145621A5C41A000974E9 /* UITableViewExtensions.swift */ = {isa = PBXFileReference; lastKnownFileType = sourcecode.swift; path = UITableViewExtensions.swift; sourceTree = "<group>"; };
		A68C145821A5C438000974E9 /* UITableViewExtensionsTests.swift */ = {isa = PBXFileReference; lastKnownFileType = sourcecode.swift; path = UITableViewExtensionsTests.swift; sourceTree = "<group>"; };
		A6D870FD21A7B466009E5DD6 /* BasicTableCell.swift */ = {isa = PBXFileReference; lastKnownFileType = sourcecode.swift; path = BasicTableCell.swift; sourceTree = "<group>"; };
		A6D8710021A7B725009E5DD6 /* BaseRowViewModel.swift */ = {isa = PBXFileReference; lastKnownFileType = sourcecode.swift; path = BaseRowViewModel.swift; sourceTree = "<group>"; };
		A6D8710221A7B7E8009E5DD6 /* DisclosureTableCell.swift */ = {isa = PBXFileReference; lastKnownFileType = sourcecode.swift; path = DisclosureTableCell.swift; sourceTree = "<group>"; };
		A6EEB8B321A83D9A00D60B76 /* TempViewController.swift */ = {isa = PBXFileReference; lastKnownFileType = sourcecode.swift; path = TempViewController.swift; sourceTree = "<group>"; };
		A6EEB8B521A8524100D60B76 /* SettingsSectionHeaderView.swift */ = {isa = PBXFileReference; lastKnownFileType = sourcecode.swift; path = SettingsSectionHeaderView.swift; sourceTree = "<group>"; };
		A6EEB8B721A8527F00D60B76 /* MyPlayground.playground */ = {isa = PBXFileReference; lastKnownFileType = file.playground; path = MyPlayground.playground; sourceTree = "<group>"; xcLanguageSpecificationIdentifier = xcode.lang.swift; };
		A6EEB8BD21A852AD00D60B76 /* Proxy.framework */ = {isa = PBXFileReference; explicitFileType = wrapper.framework; includeInIndex = 0; path = Proxy.framework; sourceTree = BUILT_PRODUCTS_DIR; };
		A6EEB8BF21A852AD00D60B76 /* Proxy.h */ = {isa = PBXFileReference; lastKnownFileType = sourcecode.c.h; path = Proxy.h; sourceTree = "<group>"; };
		A6EEB8C021A852AD00D60B76 /* Info.plist */ = {isa = PBXFileReference; lastKnownFileType = text.plist.xml; path = Info.plist; sourceTree = "<group>"; };
		AF3A798371BB93376B91684D /* Pods-AudiobookTests.release.xcconfig */ = {isa = PBXFileReference; includeInIndex = 1; lastKnownFileType = text.xcconfig; name = "Pods-AudiobookTests.release.xcconfig"; path = "Pods/Target Support Files/Pods-AudiobookTests/Pods-AudiobookTests.release.xcconfig"; sourceTree = "<group>"; };
		BA24EB28DF27B908B9F5910A /* Pods_Audiobook.framework */ = {isa = PBXFileReference; explicitFileType = wrapper.framework; includeInIndex = 0; path = Pods_Audiobook.framework; sourceTree = BUILT_PRODUCTS_DIR; };
		EB9148F5C611087836E5DD4A /* Pods-Audiobook.debug.xcconfig */ = {isa = PBXFileReference; includeInIndex = 1; lastKnownFileType = text.xcconfig; name = "Pods-Audiobook.debug.xcconfig"; path = "Pods/Target Support Files/Pods-Audiobook/Pods-Audiobook.debug.xcconfig"; sourceTree = "<group>"; };
/* End PBXFileReference section */

/* Begin PBXFrameworksBuildPhase section */
		A65F627621A58E1A00F79957 /* Frameworks */ = {
			isa = PBXFrameworksBuildPhase;
			buildActionMask = 2147483647;
			files = (
				19A3974B00D543E34EA56D88 /* Pods_Audiobook.framework in Frameworks */,
				A6EEB8C421A852AD00D60B76 /* Proxy.framework in Frameworks */,
			);
			runOnlyForDeploymentPostprocessing = 0;
		};
		A65F628A21A58E1C00F79957 /* Frameworks */ = {
			isa = PBXFrameworksBuildPhase;
			buildActionMask = 2147483647;
			files = (
				605583E134E9630E05F4DF2D /* Pods_AudiobookTests.framework in Frameworks */,
			);
			runOnlyForDeploymentPostprocessing = 0;
		};
		A6EEB8BA21A852AD00D60B76 /* Frameworks */ = {
			isa = PBXFrameworksBuildPhase;
			buildActionMask = 2147483647;
			files = (
			);
			runOnlyForDeploymentPostprocessing = 0;
		};
/* End PBXFrameworksBuildPhase section */

/* Begin PBXGroup section */
		5F7576134490EFCDD997F52A /* Frameworks */ = {
			isa = PBXGroup;
			children = (
				BA24EB28DF27B908B9F5910A /* Pods_Audiobook.framework */,
				55954B99852D28940A888C0D /* Pods_AudiobookTests.framework */,
				040CE5060A5673D13B8413D2 /* Pods_AudiobookUITests.framework */,
			);
			name = Frameworks;
			sourceTree = "<group>";
		};
		A65F627021A58E1A00F79957 = {
			isa = PBXGroup;
			children = (
				A6EEB8B721A8527F00D60B76 /* MyPlayground.playground */,
				A65F62AE21A5903000F79957 /* README.md */,
				A65F62AC21A58E4800F79957 /* Resources */,
				A65F62AB21A58E3D00F79957 /* Support */,
				A65F627B21A58E1A00F79957 /* Sources */,
				A65F629021A58E1C00F79957 /* AudiobookTests */,
				A6EEB8BE21A852AD00D60B76 /* Proxy */,
				A65F627A21A58E1A00F79957 /* Products */,
				F3CA7E4C60611D9ED54F8ECA /* Pods */,
				5F7576134490EFCDD997F52A /* Frameworks */,
			);
			sourceTree = "<group>";
		};
		A65F627A21A58E1A00F79957 /* Products */ = {
			isa = PBXGroup;
			children = (
				A65F627921A58E1A00F79957 /* Audiobook.app */,
				A65F628D21A58E1C00F79957 /* AudiobookTests.xctest */,
				A6EEB8BD21A852AD00D60B76 /* Proxy.framework */,
			);
			name = Products;
			sourceTree = "<group>";
		};
		A65F627B21A58E1A00F79957 /* Sources */ = {
			isa = PBXGroup;
			children = (
				A65F62AA21A58E2A00F79957 /* ApplicationLayer */,
				A68C144821A5B89C000974E9 /* Protocols */,
				A68C143921A5B836000974E9 /* Features */,
				A65F62AD21A58EEC00F79957 /* Extensions */,
				A65F627E21A58E1A00F79957 /* ViewController.swift */,
				A65F628021A58E1A00F79957 /* Main.storyboard */,
				A65F628521A58E1B00F79957 /* LaunchScreen.storyboard */,
			);
			path = Sources;
			sourceTree = "<group>";
		};
		A65F629021A58E1C00F79957 /* AudiobookTests */ = {
			isa = PBXGroup;
			children = (
				A65F62B421A592FB00F79957 /* Extensions */,
				A65F629321A58E1C00F79957 /* Info.plist */,
			);
			path = AudiobookTests;
			sourceTree = "<group>";
		};
		A65F62AA21A58E2A00F79957 /* ApplicationLayer */ = {
			isa = PBXGroup;
			children = (
				A65F62B521A5944B00F79957 /* Configurators */,
				A65F627C21A58E1A00F79957 /* AppDelegate.swift */,
				A68C143321A5A455000974E9 /* SettingsBundleHelper.swift */,
			);
			path = ApplicationLayer;
			sourceTree = "<group>";
		};
		A65F62AB21A58E3D00F79957 /* Support */ = {
			isa = PBXGroup;
			children = (
				A65F628821A58E1B00F79957 /* Info.plist */,
			);
			path = Support;
			sourceTree = "<group>";
		};
		A65F62AC21A58E4800F79957 /* Resources */ = {
			isa = PBXGroup;
			children = (
				A65F628321A58E1B00F79957 /* Assets.xcassets */,
				A68C143121A5A3EA000974E9 /* Settings.bundle */,
			);
			path = Resources;
			sourceTree = "<group>";
		};
		A65F62AD21A58EEC00F79957 /* Extensions */ = {
			isa = PBXGroup;
			children = (
				A65F62B021A5908B00F79957 /* UIViewControllerExtensions.swift */,
				A68C143521A5A482000974E9 /* BundleExtenstions.swift */,
				A68C145221A5C3C7000974E9 /* UITableViewCellExtensions.swift */,
				A68C145621A5C41A000974E9 /* UITableViewExtensions.swift */,
				A676B08921ABD9C700E9DF22 /* UICollectionViewExtensions.swift */,
			);
			path = Extensions;
			sourceTree = "<group>";
		};
		A65F62B421A592FB00F79957 /* Extensions */ = {
			isa = PBXGroup;
			children = (
				A65F62B221A5924600F79957 /* UIViewControllerTests.swift */,
				A68C143721A5A4D4000974E9 /* BundleExtensionsTests.swift */,
				A68C145421A5C3E5000974E9 /* UITableViewCellExtensionsTests.swift */,
				A68C145821A5C438000974E9 /* UITableViewExtensionsTests.swift */,
			);
			path = Extensions;
			sourceTree = "<group>";
		};
		A65F62B521A5944B00F79957 /* Configurators */ = {
			isa = PBXGroup;
			children = (
				A65F62B721A5944B00F79957 /* ConfiguratorProtocol.swift */,
				A65F62B621A5944B00F79957 /* ThirdPartiesConfigurator.swift */,
				A65F62B821A5944B00F79957 /* ApplicationConfigurator.swift */,
				A65F62B921A5944B00F79957 /* AppearanceConfigurator.swift */,
			);
			path = Configurators;
			sourceTree = "<group>";
		};
		A676B07E21ABD6DA00E9DF22 /* SharedMedia */ = {
			isa = PBXGroup;
			children = (
				A676B08321ABD74200E9DF22 /* View */,
				A676B08B21ABF1E300E9DF22 /* SharedMediaDataFlow.swift */,
				A676B08121ABD71500E9DF22 /* SharedMediaAssembly.swift */,
				A676B08F21ABF20400E9DF22 /* SharedMediaPresenter.swift */,
				A676B08D21ABF1F900E9DF22 /* SharedMediaInteractor.swift */,
				A676B07F21ABD70500E9DF22 /* SharedMediaViewController.swift */,
			);
			path = SharedMedia;
			sourceTree = "<group>";
		};
		A676B08321ABD74200E9DF22 /* View */ = {
			isa = PBXGroup;
			children = (
				A676B08621ABD94500E9DF22 /* Cell */,
				A676B08421ABD75300E9DF22 /* SharedMediaView.swift */,
			);
			path = View;
			sourceTree = "<group>";
		};
		A676B08621ABD94500E9DF22 /* Cell */ = {
			isa = PBXGroup;
			children = (
				A676B08721ABD9A600E9DF22 /* SharedMediaGalleryCell.swift */,
				A676B0A421ABFE8A00E9DF22 /* SharedMediaGallerySectionHeader.swift */,
			);
			path = Cell;
			sourceTree = "<group>";
		};
		A68C143921A5B836000974E9 /* Features */ = {
			isa = PBXGroup;
			children = (
				A676B07E21ABD6DA00E9DF22 /* SharedMedia */,
				A6EEB8B221A83D8A00D60B76 /* Temp */,
				A68C143A21A5B841000974E9 /* Settings */,
			);
			path = Features;
			sourceTree = "<group>";
		};
		A68C143A21A5B841000974E9 /* Settings */ = {
			isa = PBXGroup;
			children = (
				A6D870FF21A7B710009E5DD6 /* Model */,
				A68C143B21A5B84A000974E9 /* View */,
				A68C144421A5B886000974E9 /* SettingsDataFlow.swift */,
				A68C144621A5B894000974E9 /* SettingsAssembly.swift */,
				A68C144021A5B875000974E9 /* SettingsInteractor.swift */,
				A68C144221A5B87D000974E9 /* SettingsPresenter.swift */,
				A68C144B21A5B911000974E9 /* SettingsViewController.swift */,
			);
			path = Settings;
			sourceTree = "<group>";
		};
		A68C143B21A5B84A000974E9 /* View */ = {
			isa = PBXGroup;
			children = (
				A6D870FC21A6E92A009E5DD6 /* Cell */,
				A68C143C21A5B85B000974E9 /* SettingsView.swift */,
			);
			path = View;
			sourceTree = "<group>";
		};
		A68C144821A5B89C000974E9 /* Protocols */ = {
			isa = PBXGroup;
			children = (
				A68C144921A5B8A9000974E9 /* Assembly.swift */,
			);
			path = Protocols;
			sourceTree = "<group>";
		};
		A6D870FC21A6E92A009E5DD6 /* Cell */ = {
			isa = PBXGroup;
			children = (
				A6D870FD21A7B466009E5DD6 /* BasicTableCell.swift */,
				A6D8710221A7B7E8009E5DD6 /* DisclosureTableCell.swift */,
				A6EEB8B521A8524100D60B76 /* SettingsSectionHeaderView.swift */,
			);
			path = Cell;
			sourceTree = "<group>";
		};
		A6D870FF21A7B710009E5DD6 /* Model */ = {
			isa = PBXGroup;
			children = (
				A6D8710021A7B725009E5DD6 /* BaseRowViewModel.swift */,
			);
			name = Model;
			path = "New Group";
			sourceTree = "<group>";
		};
		A6EEB8B221A83D8A00D60B76 /* Temp */ = {
			isa = PBXGroup;
			children = (
				A6EEB8B321A83D9A00D60B76 /* TempViewController.swift */,
			);
			path = Temp;
			sourceTree = "<group>";
		};
		A6EEB8BE21A852AD00D60B76 /* Proxy */ = {
			isa = PBXGroup;
			children = (
				A6EEB8BF21A852AD00D60B76 /* Proxy.h */,
				A6EEB8C021A852AD00D60B76 /* Info.plist */,
			);
			path = Proxy;
			sourceTree = "<group>";
		};
		F3CA7E4C60611D9ED54F8ECA /* Pods */ = {
			isa = PBXGroup;
			children = (
				EB9148F5C611087836E5DD4A /* Pods-Audiobook.debug.xcconfig */,
				2FA7F68D05AEEC7C3606B4E2 /* Pods-Audiobook.release.xcconfig */,
				A5FCF8D66EC8DE4DD39C357B /* Pods-AudiobookTests.debug.xcconfig */,
				AF3A798371BB93376B91684D /* Pods-AudiobookTests.release.xcconfig */,
				7169B25657A041E95A565DF4 /* Pods-AudiobookUITests.debug.xcconfig */,
				383E492BEF807D2B88C27D67 /* Pods-AudiobookUITests.release.xcconfig */,
			);
			name = Pods;
			sourceTree = "<group>";
		};
/* End PBXGroup section */

/* Begin PBXHeadersBuildPhase section */
		A6EEB8B821A852AD00D60B76 /* Headers */ = {
			isa = PBXHeadersBuildPhase;
			buildActionMask = 2147483647;
			files = (
				A6EEB8C121A852AD00D60B76 /* Proxy.h in Headers */,
			);
			runOnlyForDeploymentPostprocessing = 0;
		};
/* End PBXHeadersBuildPhase section */

/* Begin PBXNativeTarget section */
		A65F627821A58E1A00F79957 /* Audiobook */ = {
			isa = PBXNativeTarget;
			buildConfigurationList = A65F62A121A58E1C00F79957 /* Build configuration list for PBXNativeTarget "Audiobook" */;
			buildPhases = (
				CC907C1D53B5F2EB260CAB84 /* [CP] Check Pods Manifest.lock */,
				A65F627521A58E1A00F79957 /* Sources */,
				A65F627621A58E1A00F79957 /* Frameworks */,
				A65F627721A58E1A00F79957 /* Resources */,
				A68C144D21A5B95E000974E9 /* SwiftLint */,
				A68C144E21A5BA81000974E9 /* Start measure build time */,
				A68C144F21A5BBA5000974E9 /* Send compile time stat */,
				A68C145021A5BC7A000974E9 /* Send build time stat */,
				09195F694EAA0CBA88505B39 /* [CP] Embed Pods Frameworks */,
				A68C145121A5C0CF000974E9 /* Fabric */,
				A6EEB8C921A852AD00D60B76 /* Embed Frameworks */,
			);
			buildRules = (
			);
			dependencies = (
				A6EEB8C321A852AD00D60B76 /* PBXTargetDependency */,
			);
			name = Audiobook;
			productName = Audiobook;
			productReference = A65F627921A58E1A00F79957 /* Audiobook.app */;
			productType = "com.apple.product-type.application";
		};
		A65F628C21A58E1C00F79957 /* AudiobookTests */ = {
			isa = PBXNativeTarget;
			buildConfigurationList = A65F62A421A58E1C00F79957 /* Build configuration list for PBXNativeTarget "AudiobookTests" */;
			buildPhases = (
				5009520C38C81C15E98E7409 /* [CP] Check Pods Manifest.lock */,
				A65F628921A58E1C00F79957 /* Sources */,
				A65F628A21A58E1C00F79957 /* Frameworks */,
				A65F628B21A58E1C00F79957 /* Resources */,
				0C2A1AE0F3169E6768A599F8 /* [CP] Embed Pods Frameworks */,
			);
			buildRules = (
			);
			dependencies = (
				A65F628F21A58E1C00F79957 /* PBXTargetDependency */,
			);
			name = AudiobookTests;
			productName = AudiobookTests;
			productReference = A65F628D21A58E1C00F79957 /* AudiobookTests.xctest */;
			productType = "com.apple.product-type.bundle.unit-test";
		};
		A6EEB8BC21A852AD00D60B76 /* Proxy */ = {
			isa = PBXNativeTarget;
			buildConfigurationList = A6EEB8C621A852AD00D60B76 /* Build configuration list for PBXNativeTarget "Proxy" */;
			buildPhases = (
				A6EEB8B821A852AD00D60B76 /* Headers */,
				A6EEB8B921A852AD00D60B76 /* Sources */,
				A6EEB8BA21A852AD00D60B76 /* Frameworks */,
				A6EEB8BB21A852AD00D60B76 /* Resources */,
			);
			buildRules = (
			);
			dependencies = (
			);
			name = Proxy;
			productName = Proxy;
			productReference = A6EEB8BD21A852AD00D60B76 /* Proxy.framework */;
			productType = "com.apple.product-type.framework";
		};
/* End PBXNativeTarget section */

/* Begin PBXProject section */
		A65F627121A58E1A00F79957 /* Project object */ = {
			isa = PBXProject;
			attributes = {
				LastSwiftUpdateCheck = 1010;
				LastUpgradeCheck = 1010;
				ORGANIZATIONNAME = "Олег Лейзер";
				TargetAttributes = {
					A65F627821A58E1A00F79957 = {
						CreatedOnToolsVersion = 10.1;
					};
					A65F628C21A58E1C00F79957 = {
						CreatedOnToolsVersion = 10.1;
						TestTargetID = A65F627821A58E1A00F79957;
					};
					A6EEB8BC21A852AD00D60B76 = {
						CreatedOnToolsVersion = 10.1;
					};
				};
			};
			buildConfigurationList = A65F627421A58E1A00F79957 /* Build configuration list for PBXProject "Audiobook" */;
			compatibilityVersion = "Xcode 9.3";
			developmentRegion = en;
			hasScannedForEncodings = 0;
			knownRegions = (
				en,
				Base,
			);
			mainGroup = A65F627021A58E1A00F79957;
			productRefGroup = A65F627A21A58E1A00F79957 /* Products */;
			projectDirPath = "";
			projectRoot = "";
			targets = (
				A65F627821A58E1A00F79957 /* Audiobook */,
				A65F628C21A58E1C00F79957 /* AudiobookTests */,
				A6EEB8BC21A852AD00D60B76 /* Proxy */,
			);
		};
/* End PBXProject section */

/* Begin PBXResourcesBuildPhase section */
		A65F627721A58E1A00F79957 /* Resources */ = {
			isa = PBXResourcesBuildPhase;
			buildActionMask = 2147483647;
			files = (
				A65F628721A58E1B00F79957 /* LaunchScreen.storyboard in Resources */,
				A65F628421A58E1B00F79957 /* Assets.xcassets in Resources */,
				A68C143221A5A3EA000974E9 /* Settings.bundle in Resources */,
				A65F62AF21A5903000F79957 /* README.md in Resources */,
				A65F628221A58E1A00F79957 /* Main.storyboard in Resources */,
			);
			runOnlyForDeploymentPostprocessing = 0;
		};
		A65F628B21A58E1C00F79957 /* Resources */ = {
			isa = PBXResourcesBuildPhase;
			buildActionMask = 2147483647;
			files = (
			);
			runOnlyForDeploymentPostprocessing = 0;
		};
		A6EEB8BB21A852AD00D60B76 /* Resources */ = {
			isa = PBXResourcesBuildPhase;
			buildActionMask = 2147483647;
			files = (
			);
			runOnlyForDeploymentPostprocessing = 0;
		};
/* End PBXResourcesBuildPhase section */

/* Begin PBXShellScriptBuildPhase section */
		09195F694EAA0CBA88505B39 /* [CP] Embed Pods Frameworks */ = {
			isa = PBXShellScriptBuildPhase;
			buildActionMask = 2147483647;
			files = (
			);
			inputFileListPaths = (
			);
			inputPaths = (
				"${SRCROOT}/Pods/Target Support Files/Pods-Audiobook/Pods-Audiobook-frameworks.sh",
				"${BUILT_PRODUCTS_DIR}/Alamofire/Alamofire.framework",
				"${BUILT_PRODUCTS_DIR}/Analytics/Analytics.framework",
				"${BUILT_PRODUCTS_DIR}/Moya/Moya.framework",
				"${BUILT_PRODUCTS_DIR}/PromiseKit/PromiseKit.framework",
				"${BUILT_PRODUCTS_DIR}/Result/Result.framework",
				"${BUILT_PRODUCTS_DIR}/SnapKit/SnapKit.framework",
			);
			name = "[CP] Embed Pods Frameworks";
			outputFileListPaths = (
			);
			outputPaths = (
				"${TARGET_BUILD_DIR}/${FRAMEWORKS_FOLDER_PATH}/Alamofire.framework",
				"${TARGET_BUILD_DIR}/${FRAMEWORKS_FOLDER_PATH}/Analytics.framework",
				"${TARGET_BUILD_DIR}/${FRAMEWORKS_FOLDER_PATH}/Moya.framework",
				"${TARGET_BUILD_DIR}/${FRAMEWORKS_FOLDER_PATH}/PromiseKit.framework",
				"${TARGET_BUILD_DIR}/${FRAMEWORKS_FOLDER_PATH}/Result.framework",
				"${TARGET_BUILD_DIR}/${FRAMEWORKS_FOLDER_PATH}/SnapKit.framework",
			);
			runOnlyForDeploymentPostprocessing = 0;
			shellPath = /bin/sh;
			shellScript = "\"${SRCROOT}/Pods/Target Support Files/Pods-Audiobook/Pods-Audiobook-frameworks.sh\"\n";
			showEnvVarsInLog = 0;
		};
		0C2A1AE0F3169E6768A599F8 /* [CP] Embed Pods Frameworks */ = {
			isa = PBXShellScriptBuildPhase;
			buildActionMask = 2147483647;
			files = (
			);
			inputFileListPaths = (
			);
			inputPaths = (
				"${SRCROOT}/Pods/Target Support Files/Pods-AudiobookTests/Pods-AudiobookTests-frameworks.sh",
				"${BUILT_PRODUCTS_DIR}/Nimble/Nimble.framework",
				"${BUILT_PRODUCTS_DIR}/Quick/Quick.framework",
				"${BUILT_PRODUCTS_DIR}/QuickSwiftCheck/QuickSwiftCheck.framework",
				"${BUILT_PRODUCTS_DIR}/SwiftCheck/SwiftCheck.framework",
			);
			name = "[CP] Embed Pods Frameworks";
			outputFileListPaths = (
			);
			outputPaths = (
				"${TARGET_BUILD_DIR}/${FRAMEWORKS_FOLDER_PATH}/Nimble.framework",
				"${TARGET_BUILD_DIR}/${FRAMEWORKS_FOLDER_PATH}/Quick.framework",
				"${TARGET_BUILD_DIR}/${FRAMEWORKS_FOLDER_PATH}/QuickSwiftCheck.framework",
				"${TARGET_BUILD_DIR}/${FRAMEWORKS_FOLDER_PATH}/SwiftCheck.framework",
			);
			runOnlyForDeploymentPostprocessing = 0;
			shellPath = /bin/sh;
			shellScript = "\"${SRCROOT}/Pods/Target Support Files/Pods-AudiobookTests/Pods-AudiobookTests-frameworks.sh\"\n";
			showEnvVarsInLog = 0;
		};
		5009520C38C81C15E98E7409 /* [CP] Check Pods Manifest.lock */ = {
			isa = PBXShellScriptBuildPhase;
			buildActionMask = 2147483647;
			files = (
			);
			inputFileListPaths = (
			);
			inputPaths = (
				"${PODS_PODFILE_DIR_PATH}/Podfile.lock",
				"${PODS_ROOT}/Manifest.lock",
			);
			name = "[CP] Check Pods Manifest.lock";
			outputFileListPaths = (
			);
			outputPaths = (
				"$(DERIVED_FILE_DIR)/Pods-AudiobookTests-checkManifestLockResult.txt",
			);
			runOnlyForDeploymentPostprocessing = 0;
			shellPath = /bin/sh;
			shellScript = "diff \"${PODS_PODFILE_DIR_PATH}/Podfile.lock\" \"${PODS_ROOT}/Manifest.lock\" > /dev/null\nif [ $? != 0 ] ; then\n    # print error to STDERR\n    echo \"error: The sandbox is not in sync with the Podfile.lock. Run 'pod install' or update your CocoaPods installation.\" >&2\n    exit 1\nfi\n# This output is used by Xcode 'outputs' to avoid re-running this script phase.\necho \"SUCCESS\" > \"${SCRIPT_OUTPUT_FILE_0}\"\n";
			showEnvVarsInLog = 0;
		};
		A68C144D21A5B95E000974E9 /* SwiftLint */ = {
			isa = PBXShellScriptBuildPhase;
			buildActionMask = 2147483647;
			files = (
			);
			inputFileListPaths = (
			);
			inputPaths = (
			);
			name = SwiftLint;
			outputFileListPaths = (
			);
			outputPaths = (
			);
			runOnlyForDeploymentPostprocessing = 0;
			shellPath = /bin/sh;
			shellScript = "if which swiftlint >/dev/null; then\nbundle exec swiftlint autocorrect --quiet\nbundle exec swiftlint lint --reporter \"xcode\" --quiet\nelse\necho \"warning: SwiftLint not installed, download from https://github.com/realm/SwiftLint\"\nfi\n";
		};
		A68C144E21A5BA81000974E9 /* Start measure build time */ = {
			isa = PBXShellScriptBuildPhase;
			buildActionMask = 2147483647;
			files = (
			);
			inputFileListPaths = (
			);
			inputPaths = (
			);
			name = "Start measure build time";
			outputFileListPaths = (
			);
			outputPaths = (
			);
			runOnlyForDeploymentPostprocessing = 0;
			shellPath = /bin/sh;
			shellScript = "sh ciScripts/startBuildTimeMeasure.sh\n";
		};
		A68C144F21A5BBA5000974E9 /* Send compile time stat */ = {
			isa = PBXShellScriptBuildPhase;
			buildActionMask = 2147483647;
			files = (
			);
			inputFileListPaths = (
			);
			inputPaths = (
			);
			name = "Send compile time stat";
			outputFileListPaths = (
			);
			outputPaths = (
			);
			runOnlyForDeploymentPostprocessing = 0;
			shellPath = /bin/sh;
			shellScript = "sh ciScripts/sendCompileTimeStat.sh compile\n";
		};
		A68C145021A5BC7A000974E9 /* Send build time stat */ = {
			isa = PBXShellScriptBuildPhase;
			buildActionMask = 2147483647;
			files = (
			);
			inputFileListPaths = (
			);
			inputPaths = (
			);
			name = "Send build time stat";
			outputFileListPaths = (
			);
			outputPaths = (
			);
			runOnlyForDeploymentPostprocessing = 0;
			shellPath = /bin/sh;
			shellScript = "sh ciScripts/sendCompileTimeStat.sh build\n";
		};
		A68C145121A5C0CF000974E9 /* Fabric */ = {
			isa = PBXShellScriptBuildPhase;
			buildActionMask = 2147483647;
			files = (
			);
			inputFileListPaths = (
			);
			inputPaths = (
				"$(BUILT_PRODUCTS_DIR)/$(INFOPLIST_PATH)",
			);
			name = Fabric;
			outputFileListPaths = (
			);
			outputPaths = (
			);
			runOnlyForDeploymentPostprocessing = 0;
			shellPath = /bin/sh;
			shellScript = "\"${PODS_ROOT}/Fabric/run\" 9453b751f4670d73f8d818092e469ec60877c76c 54f0227ed4eb5753777bc7fccb16fa03c86b9b2d42a2debd381422c5a143799c\n";
		};
		CC907C1D53B5F2EB260CAB84 /* [CP] Check Pods Manifest.lock */ = {
			isa = PBXShellScriptBuildPhase;
			buildActionMask = 2147483647;
			files = (
			);
			inputFileListPaths = (
			);
			inputPaths = (
				"${PODS_PODFILE_DIR_PATH}/Podfile.lock",
				"${PODS_ROOT}/Manifest.lock",
			);
			name = "[CP] Check Pods Manifest.lock";
			outputFileListPaths = (
			);
			outputPaths = (
				"$(DERIVED_FILE_DIR)/Pods-Audiobook-checkManifestLockResult.txt",
			);
			runOnlyForDeploymentPostprocessing = 0;
			shellPath = /bin/sh;
			shellScript = "diff \"${PODS_PODFILE_DIR_PATH}/Podfile.lock\" \"${PODS_ROOT}/Manifest.lock\" > /dev/null\nif [ $? != 0 ] ; then\n    # print error to STDERR\n    echo \"error: The sandbox is not in sync with the Podfile.lock. Run 'pod install' or update your CocoaPods installation.\" >&2\n    exit 1\nfi\n# This output is used by Xcode 'outputs' to avoid re-running this script phase.\necho \"SUCCESS\" > \"${SCRIPT_OUTPUT_FILE_0}\"\n";
			showEnvVarsInLog = 0;
		};
/* End PBXShellScriptBuildPhase section */

/* Begin PBXSourcesBuildPhase section */
		A65F627521A58E1A00F79957 /* Sources */ = {
			isa = PBXSourcesBuildPhase;
			buildActionMask = 2147483647;
			files = (
				A68C143421A5A455000974E9 /* SettingsBundleHelper.swift in Sources */,
				A68C143621A5A482000974E9 /* BundleExtenstions.swift in Sources */,
				A6D8710321A7B7E8009E5DD6 /* DisclosureTableCell.swift in Sources */,
				A65F62BB21A5944B00F79957 /* ConfiguratorProtocol.swift in Sources */,
				A676B09121ABF35C00E9DF22 /* SharedMediaInteractor.swift in Sources */,
				A676B0A521ABFE8A00E9DF22 /* SharedMediaGallerySectionHeader.swift in Sources */,
				A68C145721A5C41A000974E9 /* UITableViewExtensions.swift in Sources */,
				A68C144521A5B886000974E9 /* SettingsDataFlow.swift in Sources */,
				A65F627F21A58E1A00F79957 /* ViewController.swift in Sources */,
				A65F62B121A5908B00F79957 /* UIViewControllerExtensions.swift in Sources */,
				A676B08021ABD70500E9DF22 /* SharedMediaViewController.swift in Sources */,
				A68C144721A5B894000974E9 /* SettingsAssembly.swift in Sources */,
				A6D8710121A7B725009E5DD6 /* BaseRowViewModel.swift in Sources */,
				A6EEB8B621A8524100D60B76 /* SettingsSectionHeaderView.swift in Sources */,
				A68C144C21A5B911000974E9 /* SettingsViewController.swift in Sources */,
				A68C143D21A5B85B000974E9 /* SettingsView.swift in Sources */,
				A68C144A21A5B8A9000974E9 /* Assembly.swift in Sources */,
				A68C144321A5B87D000974E9 /* SettingsPresenter.swift in Sources */,
				A68C145321A5C3C7000974E9 /* UITableViewCellExtensions.swift in Sources */,
				A65F62BC21A5944B00F79957 /* ApplicationConfigurator.swift in Sources */,
				A676B08221ABD71500E9DF22 /* SharedMediaAssembly.swift in Sources */,
				A676B08C21ABF1E300E9DF22 /* SharedMediaDataFlow.swift in Sources */,
				A6EEB8B421A83D9A00D60B76 /* TempViewController.swift in Sources */,
				A65F62BD21A5944B00F79957 /* AppearanceConfigurator.swift in Sources */,
				A65F627D21A58E1A00F79957 /* AppDelegate.swift in Sources */,
				A65F62BA21A5944B00F79957 /* ThirdPartiesConfigurator.swift in Sources */,
				A6D870FE21A7B466009E5DD6 /* BasicTableCell.swift in Sources */,
				A676B08A21ABD9C700E9DF22 /* UICollectionViewExtensions.swift in Sources */,
				A676B08521ABD75300E9DF22 /* SharedMediaView.swift in Sources */,
				A68C144121A5B875000974E9 /* SettingsInteractor.swift in Sources */,
				A676B09221ABF36A00E9DF22 /* SharedMediaPresenter.swift in Sources */,
				A676B08821ABD9A600E9DF22 /* SharedMediaGalleryCell.swift in Sources */,
			);
			runOnlyForDeploymentPostprocessing = 0;
		};
		A65F628921A58E1C00F79957 /* Sources */ = {
			isa = PBXSourcesBuildPhase;
			buildActionMask = 2147483647;
			files = (
				A65F62B321A5924600F79957 /* UIViewControllerTests.swift in Sources */,
				A68C143821A5A4D4000974E9 /* BundleExtensionsTests.swift in Sources */,
				A68C145921A5C438000974E9 /* UITableViewExtensionsTests.swift in Sources */,
				A68C145521A5C3E5000974E9 /* UITableViewCellExtensionsTests.swift in Sources */,
			);
			runOnlyForDeploymentPostprocessing = 0;
		};
		A6EEB8B921A852AD00D60B76 /* Sources */ = {
			isa = PBXSourcesBuildPhase;
			buildActionMask = 2147483647;
			files = (
			);
			runOnlyForDeploymentPostprocessing = 0;
		};
/* End PBXSourcesBuildPhase section */

/* Begin PBXTargetDependency section */
		A65F628F21A58E1C00F79957 /* PBXTargetDependency */ = {
			isa = PBXTargetDependency;
			target = A65F627821A58E1A00F79957 /* Audiobook */;
			targetProxy = A65F628E21A58E1C00F79957 /* PBXContainerItemProxy */;
		};
		A6EEB8C321A852AD00D60B76 /* PBXTargetDependency */ = {
			isa = PBXTargetDependency;
			target = A6EEB8BC21A852AD00D60B76 /* Proxy */;
			targetProxy = A6EEB8C221A852AD00D60B76 /* PBXContainerItemProxy */;
		};
/* End PBXTargetDependency section */

/* Begin PBXVariantGroup section */
		A65F628021A58E1A00F79957 /* Main.storyboard */ = {
			isa = PBXVariantGroup;
			children = (
				A65F628121A58E1A00F79957 /* Base */,
			);
			name = Main.storyboard;
			sourceTree = "<group>";
		};
		A65F628521A58E1B00F79957 /* LaunchScreen.storyboard */ = {
			isa = PBXVariantGroup;
			children = (
				A65F628621A58E1B00F79957 /* Base */,
			);
			name = LaunchScreen.storyboard;
			sourceTree = "<group>";
		};
/* End PBXVariantGroup section */

/* Begin XCBuildConfiguration section */
		A65F629F21A58E1C00F79957 /* Debug */ = {
			isa = XCBuildConfiguration;
			buildSettings = {
				ALWAYS_SEARCH_USER_PATHS = NO;
				CLANG_ANALYZER_NONNULL = YES;
				CLANG_ANALYZER_NUMBER_OBJECT_CONVERSION = YES_AGGRESSIVE;
				CLANG_CXX_LANGUAGE_STANDARD = "gnu++14";
				CLANG_CXX_LIBRARY = "libc++";
				CLANG_ENABLE_MODULES = YES;
				CLANG_ENABLE_OBJC_ARC = YES;
				CLANG_ENABLE_OBJC_WEAK = YES;
				CLANG_WARN_BLOCK_CAPTURE_AUTORELEASING = YES;
				CLANG_WARN_BOOL_CONVERSION = YES;
				CLANG_WARN_COMMA = YES;
				CLANG_WARN_CONSTANT_CONVERSION = YES;
				CLANG_WARN_DEPRECATED_OBJC_IMPLEMENTATIONS = YES;
				CLANG_WARN_DIRECT_OBJC_ISA_USAGE = YES_ERROR;
				CLANG_WARN_DOCUMENTATION_COMMENTS = YES;
				CLANG_WARN_EMPTY_BODY = YES;
				CLANG_WARN_ENUM_CONVERSION = YES;
				CLANG_WARN_INFINITE_RECURSION = YES;
				CLANG_WARN_INT_CONVERSION = YES;
				CLANG_WARN_NON_LITERAL_NULL_CONVERSION = YES;
				CLANG_WARN_OBJC_IMPLICIT_RETAIN_SELF = YES;
				CLANG_WARN_OBJC_LITERAL_CONVERSION = YES;
				CLANG_WARN_OBJC_ROOT_CLASS = YES_ERROR;
				CLANG_WARN_RANGE_LOOP_ANALYSIS = YES;
				CLANG_WARN_STRICT_PROTOTYPES = YES;
				CLANG_WARN_SUSPICIOUS_MOVE = YES;
				CLANG_WARN_UNGUARDED_AVAILABILITY = YES_AGGRESSIVE;
				CLANG_WARN_UNREACHABLE_CODE = YES;
				CLANG_WARN__DUPLICATE_METHOD_MATCH = YES;
				CODE_SIGN_IDENTITY = "iPhone Developer";
				COPY_PHASE_STRIP = NO;
				DEBUG_INFORMATION_FORMAT = dwarf;
				ENABLE_STRICT_OBJC_MSGSEND = YES;
				ENABLE_TESTABILITY = YES;
				GCC_C_LANGUAGE_STANDARD = gnu11;
				GCC_DYNAMIC_NO_PIC = NO;
				GCC_NO_COMMON_BLOCKS = YES;
				GCC_OPTIMIZATION_LEVEL = 0;
				GCC_PREPROCESSOR_DEFINITIONS = (
					"DEBUG=1",
					"$(inherited)",
				);
				GCC_WARN_64_TO_32_BIT_CONVERSION = YES;
				GCC_WARN_ABOUT_RETURN_TYPE = YES_ERROR;
				GCC_WARN_UNDECLARED_SELECTOR = YES;
				GCC_WARN_UNINITIALIZED_AUTOS = YES_AGGRESSIVE;
				GCC_WARN_UNUSED_FUNCTION = YES;
				GCC_WARN_UNUSED_VARIABLE = YES;
				IPHONEOS_DEPLOYMENT_TARGET = 12.1;
				MTL_ENABLE_DEBUG_INFO = INCLUDE_SOURCE;
				MTL_FAST_MATH = YES;
				ONLY_ACTIVE_ARCH = YES;
				SDKROOT = iphoneos;
				SWIFT_ACTIVE_COMPILATION_CONDITIONS = DEBUG;
				SWIFT_OPTIMIZATION_LEVEL = "-Onone";
			};
			name = Debug;
		};
		A65F62A021A58E1C00F79957 /* Release */ = {
			isa = XCBuildConfiguration;
			buildSettings = {
				ALWAYS_SEARCH_USER_PATHS = NO;
				CLANG_ANALYZER_NONNULL = YES;
				CLANG_ANALYZER_NUMBER_OBJECT_CONVERSION = YES_AGGRESSIVE;
				CLANG_CXX_LANGUAGE_STANDARD = "gnu++14";
				CLANG_CXX_LIBRARY = "libc++";
				CLANG_ENABLE_MODULES = YES;
				CLANG_ENABLE_OBJC_ARC = YES;
				CLANG_ENABLE_OBJC_WEAK = YES;
				CLANG_WARN_BLOCK_CAPTURE_AUTORELEASING = YES;
				CLANG_WARN_BOOL_CONVERSION = YES;
				CLANG_WARN_COMMA = YES;
				CLANG_WARN_CONSTANT_CONVERSION = YES;
				CLANG_WARN_DEPRECATED_OBJC_IMPLEMENTATIONS = YES;
				CLANG_WARN_DIRECT_OBJC_ISA_USAGE = YES_ERROR;
				CLANG_WARN_DOCUMENTATION_COMMENTS = YES;
				CLANG_WARN_EMPTY_BODY = YES;
				CLANG_WARN_ENUM_CONVERSION = YES;
				CLANG_WARN_INFINITE_RECURSION = YES;
				CLANG_WARN_INT_CONVERSION = YES;
				CLANG_WARN_NON_LITERAL_NULL_CONVERSION = YES;
				CLANG_WARN_OBJC_IMPLICIT_RETAIN_SELF = YES;
				CLANG_WARN_OBJC_LITERAL_CONVERSION = YES;
				CLANG_WARN_OBJC_ROOT_CLASS = YES_ERROR;
				CLANG_WARN_RANGE_LOOP_ANALYSIS = YES;
				CLANG_WARN_STRICT_PROTOTYPES = YES;
				CLANG_WARN_SUSPICIOUS_MOVE = YES;
				CLANG_WARN_UNGUARDED_AVAILABILITY = YES_AGGRESSIVE;
				CLANG_WARN_UNREACHABLE_CODE = YES;
				CLANG_WARN__DUPLICATE_METHOD_MATCH = YES;
				CODE_SIGN_IDENTITY = "iPhone Developer";
				COPY_PHASE_STRIP = NO;
				DEBUG_INFORMATION_FORMAT = "dwarf-with-dsym";
				ENABLE_NS_ASSERTIONS = NO;
				ENABLE_STRICT_OBJC_MSGSEND = YES;
				GCC_C_LANGUAGE_STANDARD = gnu11;
				GCC_NO_COMMON_BLOCKS = YES;
				GCC_WARN_64_TO_32_BIT_CONVERSION = YES;
				GCC_WARN_ABOUT_RETURN_TYPE = YES_ERROR;
				GCC_WARN_UNDECLARED_SELECTOR = YES;
				GCC_WARN_UNINITIALIZED_AUTOS = YES_AGGRESSIVE;
				GCC_WARN_UNUSED_FUNCTION = YES;
				GCC_WARN_UNUSED_VARIABLE = YES;
				IPHONEOS_DEPLOYMENT_TARGET = 12.1;
				MTL_ENABLE_DEBUG_INFO = NO;
				MTL_FAST_MATH = YES;
				SDKROOT = iphoneos;
				SWIFT_COMPILATION_MODE = wholemodule;
				SWIFT_OPTIMIZATION_LEVEL = "-O";
				VALIDATE_PRODUCT = YES;
			};
			name = Release;
		};
		A65F62A221A58E1C00F79957 /* Debug */ = {
			isa = XCBuildConfiguration;
			baseConfigurationReference = EB9148F5C611087836E5DD4A /* Pods-Audiobook.debug.xcconfig */;
			buildSettings = {
				ALWAYS_EMBED_SWIFT_STANDARD_LIBRARIES = "$(inherited)";
				ASSETCATALOG_COMPILER_APPICON_NAME = AppIcon;
				CODE_SIGN_STYLE = Automatic;
				CURRENT_PROJECT_VERSION = 0;
				DEBUG_INFORMATION_FORMAT = "dwarf-with-dsym";
				DEVELOPMENT_TEAM = AC6F95FHB4;
				INFOPLIST_FILE = "$(SRCROOT)/Support/Info.plist";
				IPHONEOS_DEPLOYMENT_TARGET = 11.0;
				LD_RUNPATH_SEARCH_PATHS = (
					"$(inherited)",
					"@executable_path/Frameworks",
				);
				PRODUCT_BUNDLE_IDENTIFIER = kz.idev.audiobook;
				PRODUCT_NAME = "$(TARGET_NAME)";
				SWIFT_VERSION = 4.2;
				TARGETED_DEVICE_FAMILY = 1;
				VERSIONING_SYSTEM = "apple-generic";
			};
			name = Debug;
		};
		A65F62A321A58E1C00F79957 /* Release */ = {
			isa = XCBuildConfiguration;
			baseConfigurationReference = 2FA7F68D05AEEC7C3606B4E2 /* Pods-Audiobook.release.xcconfig */;
			buildSettings = {
				ALWAYS_EMBED_SWIFT_STANDARD_LIBRARIES = "$(inherited)";
				ASSETCATALOG_COMPILER_APPICON_NAME = AppIcon;
				CODE_SIGN_STYLE = Automatic;
				CURRENT_PROJECT_VERSION = 0;
				DEVELOPMENT_TEAM = AC6F95FHB4;
				INFOPLIST_FILE = "$(SRCROOT)/Support/Info.plist";
				IPHONEOS_DEPLOYMENT_TARGET = 11.0;
				LD_RUNPATH_SEARCH_PATHS = (
					"$(inherited)",
					"@executable_path/Frameworks",
				);
				PRODUCT_BUNDLE_IDENTIFIER = kz.idev.audiobook;
				PRODUCT_NAME = "$(TARGET_NAME)";
				SWIFT_VERSION = 4.2;
				TARGETED_DEVICE_FAMILY = 1;
				VERSIONING_SYSTEM = "apple-generic";
			};
			name = Release;
		};
		A65F62A521A58E1C00F79957 /* Debug */ = {
			isa = XCBuildConfiguration;
			baseConfigurationReference = A5FCF8D66EC8DE4DD39C357B /* Pods-AudiobookTests.debug.xcconfig */;
			buildSettings = {
				ALWAYS_EMBED_SWIFT_STANDARD_LIBRARIES = "$(inherited)";
				BUNDLE_LOADER = "$(TEST_HOST)";
				CODE_SIGN_STYLE = Automatic;
				DEVELOPMENT_TEAM = AC6F95FHB4;
				ENABLE_BITCODE = NO;
				INFOPLIST_FILE = AudiobookTests/Info.plist;
				LD_RUNPATH_SEARCH_PATHS = (
					"$(inherited)",
					"@executable_path/Frameworks",
					"@loader_path/Frameworks",
				);
				PRODUCT_BUNDLE_IDENTIFIER = kz.alfabank.AudiobookTests;
				PRODUCT_NAME = "$(TARGET_NAME)";
				SWIFT_VERSION = 4.2;
				TARGETED_DEVICE_FAMILY = "1,2";
				TEST_HOST = "$(BUILT_PRODUCTS_DIR)/Audiobook.app/Audiobook";
			};
			name = Debug;
		};
		A65F62A621A58E1C00F79957 /* Release */ = {
			isa = XCBuildConfiguration;
			baseConfigurationReference = AF3A798371BB93376B91684D /* Pods-AudiobookTests.release.xcconfig */;
			buildSettings = {
				ALWAYS_EMBED_SWIFT_STANDARD_LIBRARIES = "$(inherited)";
				BUNDLE_LOADER = "$(TEST_HOST)";
				CODE_SIGN_STYLE = Automatic;
				DEVELOPMENT_TEAM = AC6F95FHB4;
				ENABLE_BITCODE = NO;
				INFOPLIST_FILE = AudiobookTests/Info.plist;
				LD_RUNPATH_SEARCH_PATHS = (
					"$(inherited)",
					"@executable_path/Frameworks",
					"@loader_path/Frameworks",
				);
				PRODUCT_BUNDLE_IDENTIFIER = kz.alfabank.AudiobookTests;
				PRODUCT_NAME = "$(TARGET_NAME)";
				SWIFT_VERSION = 4.2;
				TARGETED_DEVICE_FAMILY = "1,2";
				TEST_HOST = "$(BUILT_PRODUCTS_DIR)/Audiobook.app/Audiobook";
			};
			name = Release;
		};
		A6EEB8C721A852AD00D60B76 /* Debug */ = {
			isa = XCBuildConfiguration;
			buildSettings = {
				CODE_SIGN_IDENTITY = "";
				CODE_SIGN_STYLE = Automatic;
				CURRENT_PROJECT_VERSION = 1;
				DEFINES_MODULE = YES;
				DEVELOPMENT_TEAM = AC6F95FHB4;
				DYLIB_COMPATIBILITY_VERSION = 1;
				DYLIB_CURRENT_VERSION = 1;
				DYLIB_INSTALL_NAME_BASE = "@rpath";
				INFOPLIST_FILE = Proxy/Info.plist;
				INSTALL_PATH = "$(LOCAL_LIBRARY_DIR)/Frameworks";
				LD_RUNPATH_SEARCH_PATHS = (
					"$(inherited)",
					"@executable_path/Frameworks",
					"@loader_path/Frameworks",
				);
				PRODUCT_BUNDLE_IDENTIFIER = kz.alfabank.Proxy;
				PRODUCT_NAME = "$(TARGET_NAME:c99extidentifier)";
				SKIP_INSTALL = YES;
				SWIFT_VERSION = 4.2;
				TARGETED_DEVICE_FAMILY = "1,2";
				VERSIONING_SYSTEM = "apple-generic";
				VERSION_INFO_PREFIX = "";
			};
			name = Debug;
		};
		A6EEB8C821A852AD00D60B76 /* Release */ = {
			isa = XCBuildConfiguration;
			buildSettings = {
				CODE_SIGN_IDENTITY = "";
				CODE_SIGN_STYLE = Automatic;
				CURRENT_PROJECT_VERSION = 1;
				DEFINES_MODULE = YES;
				DEVELOPMENT_TEAM = AC6F95FHB4;
				DYLIB_COMPATIBILITY_VERSION = 1;
				DYLIB_CURRENT_VERSION = 1;
				DYLIB_INSTALL_NAME_BASE = "@rpath";
				INFOPLIST_FILE = Proxy/Info.plist;
				INSTALL_PATH = "$(LOCAL_LIBRARY_DIR)/Frameworks";
				LD_RUNPATH_SEARCH_PATHS = (
					"$(inherited)",
					"@executable_path/Frameworks",
					"@loader_path/Frameworks",
				);
				PRODUCT_BUNDLE_IDENTIFIER = kz.alfabank.Proxy;
				PRODUCT_NAME = "$(TARGET_NAME:c99extidentifier)";
				SKIP_INSTALL = YES;
				SWIFT_VERSION = 4.2;
				TARGETED_DEVICE_FAMILY = "1,2";
				VERSIONING_SYSTEM = "apple-generic";
				VERSION_INFO_PREFIX = "";
			};
			name = Release;
		};
/* End XCBuildConfiguration section */

/* Begin XCConfigurationList section */
		A65F627421A58E1A00F79957 /* Build configuration list for PBXProject "Audiobook" */ = {
			isa = XCConfigurationList;
			buildConfigurations = (
				A65F629F21A58E1C00F79957 /* Debug */,
				A65F62A021A58E1C00F79957 /* Release */,
			);
			defaultConfigurationIsVisible = 0;
			defaultConfigurationName = Release;
		};
		A65F62A121A58E1C00F79957 /* Build configuration list for PBXNativeTarget "Audiobook" */ = {
			isa = XCConfigurationList;
			buildConfigurations = (
				A65F62A221A58E1C00F79957 /* Debug */,
				A65F62A321A58E1C00F79957 /* Release */,
			);
			defaultConfigurationIsVisible = 0;
			defaultConfigurationName = Release;
		};
		A65F62A421A58E1C00F79957 /* Build configuration list for PBXNativeTarget "AudiobookTests" */ = {
			isa = XCConfigurationList;
			buildConfigurations = (
				A65F62A521A58E1C00F79957 /* Debug */,
				A65F62A621A58E1C00F79957 /* Release */,
			);
			defaultConfigurationIsVisible = 0;
			defaultConfigurationName = Release;
		};
		A6EEB8C621A852AD00D60B76 /* Build configuration list for PBXNativeTarget "Proxy" */ = {
			isa = XCConfigurationList;
			buildConfigurations = (
				A6EEB8C721A852AD00D60B76 /* Debug */,
				A6EEB8C821A852AD00D60B76 /* Release */,
			);
			defaultConfigurationIsVisible = 0;
			defaultConfigurationName = Release;
		};
/* End XCConfigurationList section */
	};
	rootObject = A65F627121A58E1A00F79957 /* Project object */;
}
